
Microsoft Visual Studio Solution File, Format Version 12.00
# Visual Studio 14
VisualStudioVersion = 14.0.25420.1
MinimumVisualStudioVersion = 10.0.40219.1
Project("{FAE04EC0-301F-11D3-BF4B-00C04F79EFBC}") = "ImageHandler", "ImageHandler\ImageHandler.csproj", "{A0B06382-840F-48E6-AEA1-897096C777F2}"
EndProject
Project("{FAE04EC0-301F-11D3-BF4B-00C04F79EFBC}") = "BioProcessor", "BioProcessor\BioProcessor.csproj", "{B14A562B-92B2-4368-BE53-860A0EAFBB69}"
	ProjectSection(ProjectDependencies) = postProject
		{F81E902F-88EA-4FE5-BCF7-806CFB180172} = {F81E902F-88EA-4FE5-BCF7-806CFB180172}
	EndProjectSection
EndProject
Project("{FAE04EC0-301F-11D3-BF4B-00C04F79EFBC}") = "DAO", "DAO\DAO.csproj", "{D4C98875-6D45-44B2-8D9C-7B37CB1E71D9}"
EndProject
Project("{FAE04EC0-301F-11D3-BF4B-00C04F79EFBC}") = "biooffice", "biooffice\biooffice.csproj", "{17E09742-830E-430A-B605-DE5CA3C132EF}"
	ProjectSection(ProjectDependencies) = postProject
		{7FD160D9-F401-4C22-88FF-E14C93CF91A4} = {7FD160D9-F401-4C22-88FF-E14C93CF91A4}
	EndProjectSection
EndProject
Project("{FAE04EC0-301F-11D3-BF4B-00C04F79EFBC}") = "ExtractFingerRecords", "ExtractFingerRecords\ExtractFingerRecords.csproj", "{AD9A45A1-990E-42D9-BC4F-50F6DDFDD6C9}"
EndProject
Project("{FAE04EC0-301F-11D3-BF4B-00C04F79EFBC}") = "MatchFingerTemplates", "MatchFingerTemplates\MatchFingerTemplates.csproj", "{3D79561F-20DB-46DC-9A89-67C4A2730028}"
EndProject
Project("{FAE04EC0-301F-11D3-BF4B-00C04F79EFBC}") = "WsqSerializationBinder", "WsqSerializationBinder\WsqSerializationBinder.csproj", "{F81E902F-88EA-4FE5-BCF7-806CFB180172}"
EndProject
Project("{2150E333-8FDC-42A3-9474-1A3956D46DE8}") = "PSCService", "PSCService", "{00DF90E1-8FDD-48F1-86CF-672FCD1B1E70}"
EndProject
Project("{FAE04EC0-301F-11D3-BF4B-00C04F79EFBC}") = "BiometricService", "BiometricService\BiometricService.csproj", "{B2CD2619-4D3F-4682-ADFA-46B8EF9DF4EB}"
	ProjectSection(ProjectDependencies) = postProject
		{B14A562B-92B2-4368-BE53-860A0EAFBB69} = {B14A562B-92B2-4368-BE53-860A0EAFBB69}
		{F81E902F-88EA-4FE5-BCF7-806CFB180172} = {F81E902F-88EA-4FE5-BCF7-806CFB180172}
		{D4C98875-6D45-44B2-8D9C-7B37CB1E71D9} = {D4C98875-6D45-44B2-8D9C-7B37CB1E71D9}
	EndProjectSection
EndProject
Project("{FAE04EC0-301F-11D3-BF4B-00C04F79EFBC}") = "CommonService", "CommonService\CommonService.csproj", "{7FD160D9-F401-4C22-88FF-E14C93CF91A4}"
	ProjectSection(ProjectDependencies) = postProject
		{B2CD2619-4D3F-4682-ADFA-46B8EF9DF4EB} = {B2CD2619-4D3F-4682-ADFA-46B8EF9DF4EB}
		{F81E902F-88EA-4FE5-BCF7-806CFB180172} = {F81E902F-88EA-4FE5-BCF7-806CFB180172}
		{D4C98875-6D45-44B2-8D9C-7B37CB1E71D9} = {D4C98875-6D45-44B2-8D9C-7B37CB1E71D9}
	EndProjectSection
EndProject
Project("{FAE04EC0-301F-11D3-BF4B-00C04F79EFBC}") = "AppFabricCacheService", "AppFabricCacheService\AppFabricCacheService.csproj", "{908BBF33-EA26-4069-989E-AD6D2B11577F}"
	ProjectSection(ProjectDependencies) = postProject
		{7FD160D9-F401-4C22-88FF-E14C93CF91A4} = {7FD160D9-F401-4C22-88FF-E14C93CF91A4}
	EndProjectSection
EndProject
Project("{54435603-DBB4-11D2-8724-00A0C9A8B90C}") = "ExtractFingerRecordsSetup", "ExtractFingerRecordsSetup\ExtractFingerRecordsSetup.vdproj", "{4AF1E821-61C4-4F50-AFDD-951451286470}"
EndProject
Project("{FAE04EC0-301F-11D3-BF4B-00C04F79EFBC}") = "MemoryCacheService", "MemoryCacheService\MemoryCacheService.csproj", "{7B10B902-C1CF-4222-A7A2-5A1222B6AA1A}"
	ProjectSection(ProjectDependencies) = postProject
		{B14A562B-92B2-4368-BE53-860A0EAFBB69} = {B14A562B-92B2-4368-BE53-860A0EAFBB69}
		{7FD160D9-F401-4C22-88FF-E14C93CF91A4} = {7FD160D9-F401-4C22-88FF-E14C93CF91A4}
	EndProjectSection
EndProject
Project("{FAE04EC0-301F-11D3-BF4B-00C04F79EFBC}") = "MatchingService", "MatchingService\MatchingService.csproj", "{AB5F5C87-065F-45EB-A039-0268AEB36B1F}"
	ProjectSection(ProjectDependencies) = postProject
		{7FD160D9-F401-4C22-88FF-E14C93CF91A4} = {7FD160D9-F401-4C22-88FF-E14C93CF91A4}
	EndProjectSection
EndProject
Global
	GlobalSection(SolutionConfigurationPlatforms) = preSolution
		Debug|Any CPU = Debug|Any CPU
		Debug|Mixed Platforms = Debug|Mixed Platforms
		Debug|x64 = Debug|x64
		Debug|x86 = Debug|x86
		Release|Any CPU = Release|Any CPU
		Release|Mixed Platforms = Release|Mixed Platforms
		Release|x64 = Release|x64
		Release|x86 = Release|x86
	EndGlobalSection
	GlobalSection(ProjectConfigurationPlatforms) = postSolution
		{A0B06382-840F-48E6-AEA1-897096C777F2}.Debug|Any CPU.ActiveCfg = Debug|Any CPU
		{A0B06382-840F-48E6-AEA1-897096C777F2}.Debug|Any CPU.Build.0 = Debug|Any CPU
		{A0B06382-840F-48E6-AEA1-897096C777F2}.Debug|Mixed Platforms.ActiveCfg = Debug|x64
		{A0B06382-840F-48E6-AEA1-897096C777F2}.Debug|Mixed Platforms.Build.0 = Debug|x64
		{A0B06382-840F-48E6-AEA1-897096C777F2}.Debug|x64.ActiveCfg = Debug|x86
		{A0B06382-840F-48E6-AEA1-897096C777F2}.Debug|x86.ActiveCfg = Debug|Any CPU
		{A0B06382-840F-48E6-AEA1-897096C777F2}.Debug|x86.Build.0 = Debug|Any CPU
		{A0B06382-840F-48E6-AEA1-897096C777F2}.Release|Any CPU.ActiveCfg = Release|Any CPU
		{A0B06382-840F-48E6-AEA1-897096C777F2}.Release|Any CPU.Build.0 = Release|Any CPU
		{A0B06382-840F-48E6-AEA1-897096C777F2}.Release|Mixed Platforms.ActiveCfg = Release|x86
		{A0B06382-840F-48E6-AEA1-897096C777F2}.Release|Mixed Platforms.Build.0 = Release|x86
		{A0B06382-840F-48E6-AEA1-897096C777F2}.Release|x64.ActiveCfg = Release|x86
		{A0B06382-840F-48E6-AEA1-897096C777F2}.Release|x86.ActiveCfg = Release|Any CPU
		{A0B06382-840F-48E6-AEA1-897096C777F2}.Release|x86.Build.0 = Release|Any CPU
		{B14A562B-92B2-4368-BE53-860A0EAFBB69}.Debug|Any CPU.ActiveCfg = Debug|Any CPU
		{B14A562B-92B2-4368-BE53-860A0EAFBB69}.Debug|Any CPU.Build.0 = Debug|Any CPU
		{B14A562B-92B2-4368-BE53-860A0EAFBB69}.Debug|Mixed Platforms.ActiveCfg = Debug|Any CPU
		{B14A562B-92B2-4368-BE53-860A0EAFBB69}.Debug|Mixed Platforms.Build.0 = Debug|Any CPU
		{B14A562B-92B2-4368-BE53-860A0EAFBB69}.Debug|x64.ActiveCfg = Debug|x86
		{B14A562B-92B2-4368-BE53-860A0EAFBB69}.Debug|x86.ActiveCfg = Debug|Any CPU
		{B14A562B-92B2-4368-BE53-860A0EAFBB69}.Debug|x86.Build.0 = Debug|Any CPU
		{B14A562B-92B2-4368-BE53-860A0EAFBB69}.Release|Any CPU.ActiveCfg = Release|Any CPU
		{B14A562B-92B2-4368-BE53-860A0EAFBB69}.Release|Any CPU.Build.0 = Release|Any CPU
		{B14A562B-92B2-4368-BE53-860A0EAFBB69}.Release|Mixed Platforms.ActiveCfg = Release|x86
		{B14A562B-92B2-4368-BE53-860A0EAFBB69}.Release|Mixed Platforms.Build.0 = Release|x86
		{B14A562B-92B2-4368-BE53-860A0EAFBB69}.Release|x64.ActiveCfg = Release|x86
		{B14A562B-92B2-4368-BE53-860A0EAFBB69}.Release|x86.ActiveCfg = Release|Any CPU
		{B14A562B-92B2-4368-BE53-860A0EAFBB69}.Release|x86.Build.0 = Release|Any CPU
		{D4C98875-6D45-44B2-8D9C-7B37CB1E71D9}.Debug|Any CPU.ActiveCfg = Debug|Any CPU
		{D4C98875-6D45-44B2-8D9C-7B37CB1E71D9}.Debug|Any CPU.Build.0 = Debug|Any CPU
		{D4C98875-6D45-44B2-8D9C-7B37CB1E71D9}.Debug|Mixed Platforms.ActiveCfg = Debug|Any CPU
		{D4C98875-6D45-44B2-8D9C-7B37CB1E71D9}.Debug|Mixed Platforms.Build.0 = Debug|Any CPU
		{D4C98875-6D45-44B2-8D9C-7B37CB1E71D9}.Debug|x64.ActiveCfg = Debug|x86
		{D4C98875-6D45-44B2-8D9C-7B37CB1E71D9}.Debug|x86.ActiveCfg = Debug|Any CPU
		{D4C98875-6D45-44B2-8D9C-7B37CB1E71D9}.Debug|x86.Build.0 = Debug|Any CPU
		{D4C98875-6D45-44B2-8D9C-7B37CB1E71D9}.Release|Any CPU.ActiveCfg = Release|Any CPU
		{D4C98875-6D45-44B2-8D9C-7B37CB1E71D9}.Release|Any CPU.Build.0 = Release|Any CPU
		{D4C98875-6D45-44B2-8D9C-7B37CB1E71D9}.Release|Mixed Platforms.ActiveCfg = Release|x86
		{D4C98875-6D45-44B2-8D9C-7B37CB1E71D9}.Release|Mixed Platforms.Build.0 = Release|x86
		{D4C98875-6D45-44B2-8D9C-7B37CB1E71D9}.Release|x64.ActiveCfg = Release|x86
		{D4C98875-6D45-44B2-8D9C-7B37CB1E71D9}.Release|x86.ActiveCfg = Release|Any CPU
		{D4C98875-6D45-44B2-8D9C-7B37CB1E71D9}.Release|x86.Build.0 = Release|Any CPU
		{17E09742-830E-430A-B605-DE5CA3C132EF}.Debug|Any CPU.ActiveCfg = Debug|Any CPU
		{17E09742-830E-430A-B605-DE5CA3C132EF}.Debug|Mixed Platforms.ActiveCfg = Debug|Any CPU
		{17E09742-830E-430A-B605-DE5CA3C132EF}.Debug|Mixed Platforms.Build.0 = Debug|Any CPU
		{17E09742-830E-430A-B605-DE5CA3C132EF}.Debug|x64.ActiveCfg = Debug|Any CPU
		{17E09742-830E-430A-B605-DE5CA3C132EF}.Debug|x86.ActiveCfg = Debug|Any CPU
		{17E09742-830E-430A-B605-DE5CA3C132EF}.Debug|x86.Build.0 = Debug|Any CPU
		{17E09742-830E-430A-B605-DE5CA3C132EF}.Release|Any CPU.ActiveCfg = Release|Any CPU
		{17E09742-830E-430A-B605-DE5CA3C132EF}.Release|Any CPU.Build.0 = Release|Any CPU
		{17E09742-830E-430A-B605-DE5CA3C132EF}.Release|Mixed Platforms.ActiveCfg = Release|Any CPU
		{17E09742-830E-430A-B605-DE5CA3C132EF}.Release|Mixed Platforms.Build.0 = Release|Any CPU
		{17E09742-830E-430A-B605-DE5CA3C132EF}.Release|x64.ActiveCfg = Release|Any CPU
		{17E09742-830E-430A-B605-DE5CA3C132EF}.Release|x86.ActiveCfg = Release|Any CPU
		{AD9A45A1-990E-42D9-BC4F-50F6DDFDD6C9}.Debug|Any CPU.ActiveCfg = Debug|Any CPU
		{AD9A45A1-990E-42D9-BC4F-50F6DDFDD6C9}.Debug|Any CPU.Build.0 = Debug|Any CPU
		{AD9A45A1-990E-42D9-BC4F-50F6DDFDD6C9}.Debug|Mixed Platforms.ActiveCfg = Release|x64
		{AD9A45A1-990E-42D9-BC4F-50F6DDFDD6C9}.Debug|Mixed Platforms.Build.0 = Release|x64
		{AD9A45A1-990E-42D9-BC4F-50F6DDFDD6C9}.Debug|x64.ActiveCfg = Debug|x64
		{AD9A45A1-990E-42D9-BC4F-50F6DDFDD6C9}.Debug|x64.Build.0 = Debug|x64
		{AD9A45A1-990E-42D9-BC4F-50F6DDFDD6C9}.Debug|x86.ActiveCfg = Release|Any CPU
		{AD9A45A1-990E-42D9-BC4F-50F6DDFDD6C9}.Debug|x86.Build.0 = Release|Any CPU
		{AD9A45A1-990E-42D9-BC4F-50F6DDFDD6C9}.Release|Any CPU.ActiveCfg = Release|Any CPU
		{AD9A45A1-990E-42D9-BC4F-50F6DDFDD6C9}.Release|Any CPU.Build.0 = Release|Any CPU
		{AD9A45A1-990E-42D9-BC4F-50F6DDFDD6C9}.Release|Mixed Platforms.ActiveCfg = Release|x86
		{AD9A45A1-990E-42D9-BC4F-50F6DDFDD6C9}.Release|Mixed Platforms.Build.0 = Release|x86
		{AD9A45A1-990E-42D9-BC4F-50F6DDFDD6C9}.Release|x64.ActiveCfg = Release|x64
		{AD9A45A1-990E-42D9-BC4F-50F6DDFDD6C9}.Release|x64.Build.0 = Release|x64
		{AD9A45A1-990E-42D9-BC4F-50F6DDFDD6C9}.Release|x86.ActiveCfg = Release|Any CPU
		{AD9A45A1-990E-42D9-BC4F-50F6DDFDD6C9}.Release|x86.Build.0 = Release|Any CPU
		{3D79561F-20DB-46DC-9A89-67C4A2730028}.Debug|Any CPU.ActiveCfg = Debug|Any CPU
		{3D79561F-20DB-46DC-9A89-67C4A2730028}.Debug|Any CPU.Build.0 = Debug|Any CPU
		{3D79561F-20DB-46DC-9A89-67C4A2730028}.Debug|Mixed Platforms.ActiveCfg = Debug|x64
		{3D79561F-20DB-46DC-9A89-67C4A2730028}.Debug|Mixed Platforms.Build.0 = Debug|x64
		{3D79561F-20DB-46DC-9A89-67C4A2730028}.Debug|x64.ActiveCfg = Debug|x64
		{3D79561F-20DB-46DC-9A89-67C4A2730028}.Debug|x64.Build.0 = Debug|x64
		{3D79561F-20DB-46DC-9A89-67C4A2730028}.Debug|x86.ActiveCfg = Debug|x86
		{3D79561F-20DB-46DC-9A89-67C4A2730028}.Debug|x86.Build.0 = Debug|x86
		{3D79561F-20DB-46DC-9A89-67C4A2730028}.Release|Any CPU.ActiveCfg = Release|Any CPU
		{3D79561F-20DB-46DC-9A89-67C4A2730028}.Release|Any CPU.Build.0 = Release|Any CPU
		{3D79561F-20DB-46DC-9A89-67C4A2730028}.Release|Mixed Platforms.ActiveCfg = Release|x64
		{3D79561F-20DB-46DC-9A89-67C4A2730028}.Release|Mixed Platforms.Build.0 = Release|x64
		{3D79561F-20DB-46DC-9A89-67C4A2730028}.Release|x64.ActiveCfg = Release|x64
		{3D79561F-20DB-46DC-9A89-67C4A2730028}.Release|x64.Build.0 = Release|x64
		{3D79561F-20DB-46DC-9A89-67C4A2730028}.Release|x86.ActiveCfg = Release|Any CPU
		{3D79561F-20DB-46DC-9A89-67C4A2730028}.Release|x86.Build.0 = Release|Any CPU
		{F81E902F-88EA-4FE5-BCF7-806CFB180172}.Debug|Any CPU.ActiveCfg = Debug|Any CPU
		{F81E902F-88EA-4FE5-BCF7-806CFB180172}.Debug|Any CPU.Build.0 = Debug|Any CPU
		{F81E902F-88EA-4FE5-BCF7-806CFB180172}.Debug|Mixed Platforms.ActiveCfg = Debug|Any CPU
		{F81E902F-88EA-4FE5-BCF7-806CFB180172}.Debug|Mixed Platforms.Build.0 = Debug|Any CPU
		{F81E902F-88EA-4FE5-BCF7-806CFB180172}.Debug|x64.ActiveCfg = Debug|Any CPU
		{F81E902F-88EA-4FE5-BCF7-806CFB180172}.Debug|x86.ActiveCfg = Debug|Any CPU
		{F81E902F-88EA-4FE5-BCF7-806CFB180172}.Debug|x86.Build.0 = Debug|Any CPU
		{F81E902F-88EA-4FE5-BCF7-806CFB180172}.Release|Any CPU.ActiveCfg = Release|Any CPU
		{F81E902F-88EA-4FE5-BCF7-806CFB180172}.Release|Any CPU.Build.0 = Release|Any CPU
		{F81E902F-88EA-4FE5-BCF7-806CFB180172}.Release|Mixed Platforms.ActiveCfg = Release|Any CPU
		{F81E902F-88EA-4FE5-BCF7-806CFB180172}.Release|Mixed Platforms.Build.0 = Release|Any CPU
		{F81E902F-88EA-4FE5-BCF7-806CFB180172}.Release|x64.ActiveCfg = Release|Any CPU
		{F81E902F-88EA-4FE5-BCF7-806CFB180172}.Release|x86.ActiveCfg = Release|Any CPU
		{F81E902F-88EA-4FE5-BCF7-806CFB180172}.Release|x86.Build.0 = Release|Any CPU
		{B2CD2619-4D3F-4682-ADFA-46B8EF9DF4EB}.Debug|Any CPU.ActiveCfg = Debug|Any CPU
		{B2CD2619-4D3F-4682-ADFA-46B8EF9DF4EB}.Debug|Any CPU.Build.0 = Debug|Any CPU
		{B2CD2619-4D3F-4682-ADFA-46B8EF9DF4EB}.Debug|Mixed Platforms.ActiveCfg = Debug|Any CPU
		{B2CD2619-4D3F-4682-ADFA-46B8EF9DF4EB}.Debug|Mixed Platforms.Build.0 = Debug|Any CPU
		{B2CD2619-4D3F-4682-ADFA-46B8EF9DF4EB}.Debug|x64.ActiveCfg = Debug|Any CPU
		{B2CD2619-4D3F-4682-ADFA-46B8EF9DF4EB}.Debug|x86.ActiveCfg = Debug|Any CPU
		{B2CD2619-4D3F-4682-ADFA-46B8EF9DF4EB}.Debug|x86.Build.0 = Debug|Any CPU
		{B2CD2619-4D3F-4682-ADFA-46B8EF9DF4EB}.Release|Any CPU.ActiveCfg = Release|Any CPU
		{B2CD2619-4D3F-4682-ADFA-46B8EF9DF4EB}.Release|Any CPU.Build.0 = Release|Any CPU
		{B2CD2619-4D3F-4682-ADFA-46B8EF9DF4EB}.Release|Mixed Platforms.ActiveCfg = Release|Any CPU
		{B2CD2619-4D3F-4682-ADFA-46B8EF9DF4EB}.Release|Mixed Platforms.Build.0 = Release|Any CPU
		{B2CD2619-4D3F-4682-ADFA-46B8EF9DF4EB}.Release|x64.ActiveCfg = Release|Any CPU
		{B2CD2619-4D3F-4682-ADFA-46B8EF9DF4EB}.Release|x86.ActiveCfg = Release|Any CPU
		{7FD160D9-F401-4C22-88FF-E14C93CF91A4}.Debug|Any CPU.ActiveCfg = Debug|Any CPU
		{7FD160D9-F401-4C22-88FF-E14C93CF91A4}.Debug|Any CPU.Build.0 = Debug|Any CPU
		{7FD160D9-F401-4C22-88FF-E14C93CF91A4}.Debug|Mixed Platforms.ActiveCfg = Debug|Any CPU
		{7FD160D9-F401-4C22-88FF-E14C93CF91A4}.Debug|Mixed Platforms.Build.0 = Debug|Any CPU
		{7FD160D9-F401-4C22-88FF-E14C93CF91A4}.Debug|x64.ActiveCfg = Debug|Any CPU
		{7FD160D9-F401-4C22-88FF-E14C93CF91A4}.Debug|x86.ActiveCfg = Debug|Any CPU
		{7FD160D9-F401-4C22-88FF-E14C93CF91A4}.Debug|x86.Build.0 = Debug|Any CPU
		{7FD160D9-F401-4C22-88FF-E14C93CF91A4}.Release|Any CPU.ActiveCfg = Release|Any CPU
		{7FD160D9-F401-4C22-88FF-E14C93CF91A4}.Release|Any CPU.Build.0 = Release|Any CPU
		{7FD160D9-F401-4C22-88FF-E14C93CF91A4}.Release|Mixed Platforms.ActiveCfg = Release|Any CPU
		{7FD160D9-F401-4C22-88FF-E14C93CF91A4}.Release|Mixed Platforms.Build.0 = Release|Any CPU
		{7FD160D9-F401-4C22-88FF-E14C93CF91A4}.Release|x64.ActiveCfg = Release|Any CPU
		{7FD160D9-F401-4C22-88FF-E14C93CF91A4}.Release|x86.ActiveCfg = Release|Any CPU
		{908BBF33-EA26-4069-989E-AD6D2B11577F}.Debug|Any CPU.ActiveCfg = Debug|Any CPU
		{908BBF33-EA26-4069-989E-AD6D2B11577F}.Debug|Any CPU.Build.0 = Debug|Any CPU
		{908BBF33-EA26-4069-989E-AD6D2B11577F}.Debug|Mixed Platforms.ActiveCfg = Debug|Any CPU
		{908BBF33-EA26-4069-989E-AD6D2B11577F}.Debug|Mixed Platforms.Build.0 = Debug|Any CPU
		{908BBF33-EA26-4069-989E-AD6D2B11577F}.Debug|x64.ActiveCfg = Debug|Any CPU
		{908BBF33-EA26-4069-989E-AD6D2B11577F}.Debug|x86.ActiveCfg = Debug|Any CPU
		{908BBF33-EA26-4069-989E-AD6D2B11577F}.Debug|x86.Build.0 = Debug|Any CPU
		{908BBF33-EA26-4069-989E-AD6D2B11577F}.Release|Any CPU.ActiveCfg = Release|Any CPU
		{908BBF33-EA26-4069-989E-AD6D2B11577F}.Release|Any CPU.Build.0 = Release|Any CPU
		{908BBF33-EA26-4069-989E-AD6D2B11577F}.Release|Mixed Platforms.ActiveCfg = Release|Any CPU
		{908BBF33-EA26-4069-989E-AD6D2B11577F}.Release|Mixed Platforms.Build.0 = Release|Any CPU
		{908BBF33-EA26-4069-989E-AD6D2B11577F}.Release|x64.ActiveCfg = Release|Any CPU
		{908BBF33-EA26-4069-989E-AD6D2B11577F}.Release|x86.ActiveCfg = Release|Any CPU
		{4AF1E821-61C4-4F50-AFDD-951451286470}.Debug|Any CPU.ActiveCfg = Debug
		{4AF1E821-61C4-4F50-AFDD-951451286470}.Debug|Mixed Platforms.ActiveCfg = Debug
		{4AF1E821-61C4-4F50-AFDD-951451286470}.Debug|x64.ActiveCfg = Debug
		{4AF1E821-61C4-4F50-AFDD-951451286470}.Debug|x86.ActiveCfg = Release
		{4AF1E821-61C4-4F50-AFDD-951451286470}.Release|Any CPU.ActiveCfg = Release
		{4AF1E821-61C4-4F50-AFDD-951451286470}.Release|Mixed Platforms.ActiveCfg = Release
		{4AF1E821-61C4-4F50-AFDD-951451286470}.Release|x64.ActiveCfg = Release
		{4AF1E821-61C4-4F50-AFDD-951451286470}.Release|x86.ActiveCfg = Release
		{7B10B902-C1CF-4222-A7A2-5A1222B6AA1A}.Debug|Any CPU.ActiveCfg = Debug|Any CPU
		{7B10B902-C1CF-4222-A7A2-5A1222B6AA1A}.Debug|Any CPU.Build.0 = Debug|Any CPU
		{7B10B902-C1CF-4222-A7A2-5A1222B6AA1A}.Debug|Mixed Platforms.ActiveCfg = Debug|Any CPU
		{7B10B902-C1CF-4222-A7A2-5A1222B6AA1A}.Debug|Mixed Platforms.Build.0 = Debug|Any CPU
		{7B10B902-C1CF-4222-A7A2-5A1222B6AA1A}.Debug|x64.ActiveCfg = Debug|Any CPU
		{7B10B902-C1CF-4222-A7A2-5A1222B6AA1A}.Debug|x64.Build.0 = Debug|Any CPU
		{7B10B902-C1CF-4222-A7A2-5A1222B6AA1A}.Debug|x86.ActiveCfg = Debug|Any CPU
		{7B10B902-C1CF-4222-A7A2-5A1222B6AA1A}.Debug|x86.Build.0 = Debug|Any CPU
		{7B10B902-C1CF-4222-A7A2-5A1222B6AA1A}.Release|Any CPU.ActiveCfg = Release|Any CPU
		{7B10B902-C1CF-4222-A7A2-5A1222B6AA1A}.Release|Any CPU.Build.0 = Release|Any CPU
		{7B10B902-C1CF-4222-A7A2-5A1222B6AA1A}.Release|Mixed Platforms.ActiveCfg = Release|Any CPU
		{7B10B902-C1CF-4222-A7A2-5A1222B6AA1A}.Release|Mixed Platforms.Build.0 = Release|Any CPU
		{7B10B902-C1CF-4222-A7A2-5A1222B6AA1A}.Release|x64.ActiveCfg = Release|Any CPU
		{7B10B902-C1CF-4222-A7A2-5A1222B6AA1A}.Release|x64.Build.0 = Release|Any CPU
		{7B10B902-C1CF-4222-A7A2-5A1222B6AA1A}.Release|x86.ActiveCfg = Release|Any CPU
		{7B10B902-C1CF-4222-A7A2-5A1222B6AA1A}.Release|x86.Build.0 = Release|Any CPU
		{AB5F5C87-065F-45EB-A039-0268AEB36B1F}.Debug|Any CPU.ActiveCfg = Debug|Any CPU
		{AB5F5C87-065F-45EB-A039-0268AEB36B1F}.Debug|Any CPU.Build.0 = Debug|Any CPU
		{AB5F5C87-065F-45EB-A039-0268AEB36B1F}.Debug|Mixed Platforms.ActiveCfg = Debug|Any CPU
		{AB5F5C87-065F-45EB-A039-0268AEB36B1F}.Debug|Mixed Platforms.Build.0 = Debug|Any CPU
		{AB5F5C87-065F-45EB-A039-0268AEB36B1F}.Debug|x64.ActiveCfg = Debug|Any CPU
		{AB5F5C87-065F-45EB-A039-0268AEB36B1F}.Debug|x64.Build.0 = Debug|Any CPU
		{AB5F5C87-065F-45EB-A039-0268AEB36B1F}.Debug|x86.ActiveCfg = Debug|Any CPU
		{AB5F5C87-065F-45EB-A039-0268AEB36B1F}.Debug|x86.Build.0 = Debug|Any CPU
		{AB5F5C87-065F-45EB-A039-0268AEB36B1F}.Release|Any CPU.ActiveCfg = Release|Any CPU
		{AB5F5C87-065F-45EB-A039-0268AEB36B1F}.Release|Any CPU.Build.0 = Release|Any CPU
		{AB5F5C87-065F-45EB-A039-0268AEB36B1F}.Release|Mixed Platforms.ActiveCfg = Release|Any CPU
		{AB5F5C87-065F-45EB-A039-0268AEB36B1F}.Release|Mixed Platforms.Build.0 = Release|Any CPU
		{AB5F5C87-065F-45EB-A039-0268AEB36B1F}.Release|x64.ActiveCfg = Release|Any CPU
		{AB5F5C87-065F-45EB-A039-0268AEB36B1F}.Release|x64.Build.0 = Release|Any CPU
		{AB5F5C87-065F-45EB-A039-0268AEB36B1F}.Release|x86.ActiveCfg = Release|Any CPU
		{AB5F5C87-065F-45EB-A039-0268AEB36B1F}.Release|x86.Build.0 = Release|Any CPU
	EndGlobalSection
	GlobalSection(SolutionProperties) = preSolution
		HideSolutionNode = FALSE
	EndGlobalSection
	GlobalSection(NestedProjects) = preSolution
		{B2CD2619-4D3F-4682-ADFA-46B8EF9DF4EB} = {00DF90E1-8FDD-48F1-86CF-672FCD1B1E70}
		{7FD160D9-F401-4C22-88FF-E14C93CF91A4} = {00DF90E1-8FDD-48F1-86CF-672FCD1B1E70}
		{908BBF33-EA26-4069-989E-AD6D2B11577F} = {00DF90E1-8FDD-48F1-86CF-672FCD1B1E70}
		{7B10B902-C1CF-4222-A7A2-5A1222B6AA1A} = {00DF90E1-8FDD-48F1-86CF-672FCD1B1E70}
		{AB5F5C87-065F-45EB-A039-0268AEB36B1F} = {00DF90E1-8FDD-48F1-86CF-672FCD1B1E70}
	EndGlobalSection
EndGlobal
