
Microsoft Visual Studio Solution File, Format Version 11.00
# Visual Studio 2010
Project("{FAE04EC0-301F-11D3-BF4B-00C04F79EFBC}") = "ImageHandler", "ImageHandler\ImageHandler.csproj", "{A0B06382-840F-48E6-AEA1-897096C777F2}"
EndProject
Project("{FAE04EC0-301F-11D3-BF4B-00C04F79EFBC}") = "BioProcessor", "BioProcessor\BioProcessor.csproj", "{B14A562B-92B2-4368-BE53-860A0EAFBB69}"
EndProject
Project("{FAE04EC0-301F-11D3-BF4B-00C04F79EFBC}") = "DAO", "DAO\DAO.csproj", "{D4C98875-6D45-44B2-8D9C-7B37CB1E71D9}"
EndProject
Project("{FAE04EC0-301F-11D3-BF4B-00C04F79EFBC}") = "WCFService", "WCFService\WCFService.csproj", "{540A6FFB-BD97-4C9B-8B47-4859FC71850B}"
EndProject
Project("{FAE04EC0-301F-11D3-BF4B-00C04F79EFBC}") = "PSCWindowsService", "PSCWindowsService\PSCWindowsService.csproj", "{79CE48BE-4787-4ECC-8789-03C5CA600DE4}"
EndProject
Project("{54435603-DBB4-11D2-8724-00A0C9A8B90C}") = "PSCWindowsServiceSetup", "PSCWindowsServiceSetup\PSCWindowsServiceSetup.vdproj", "{F993B112-FFB1-4E12-B36F-1180B38885C4}"
EndProject
Project("{FAE04EC0-301F-11D3-BF4B-00C04F79EFBC}") = "biooffice", "biooffice\biooffice.csproj", "{17E09742-830E-430A-B605-DE5CA3C132EF}"
EndProject
Project("{FAE04EC0-301F-11D3-BF4B-00C04F79EFBC}") = "SplitFingerTemplates", "SplitFingerTemplates\SplitFingerTemplates.csproj", "{AD9A45A1-990E-42D9-BC4F-50F6DDFDD6C9}"
EndProject
Project("{FAE04EC0-301F-11D3-BF4B-00C04F79EFBC}") = "SplitFingerTemplates67", "SplitFingerTemplates67\SplitFingerTemplates67.csproj", "{281EA26D-36AD-4E69-8529-8EE9B0236CF7}"
EndProject
Global
	GlobalSection(SolutionConfigurationPlatforms) = preSolution
		Debug|Any CPU = Debug|Any CPU
		Debug|Mixed Platforms = Debug|Mixed Platforms
		Debug|x86 = Debug|x86
		Release|Any CPU = Release|Any CPU
		Release|Mixed Platforms = Release|Mixed Platforms
		Release|x86 = Release|x86
	EndGlobalSection
	GlobalSection(ProjectConfigurationPlatforms) = postSolution
		{A0B06382-840F-48E6-AEA1-897096C777F2}.Debug|Any CPU.ActiveCfg = Debug|x86
		{A0B06382-840F-48E6-AEA1-897096C777F2}.Debug|Mixed Platforms.ActiveCfg = Debug|x86
		{A0B06382-840F-48E6-AEA1-897096C777F2}.Debug|x86.ActiveCfg = Debug|x86
		{A0B06382-840F-48E6-AEA1-897096C777F2}.Debug|x86.Build.0 = Debug|x86
		{A0B06382-840F-48E6-AEA1-897096C777F2}.Release|Any CPU.ActiveCfg = Release|Any CPU
		{A0B06382-840F-48E6-AEA1-897096C777F2}.Release|Any CPU.Build.0 = Release|Any CPU
		{A0B06382-840F-48E6-AEA1-897096C777F2}.Release|Mixed Platforms.ActiveCfg = Release|x86
		{A0B06382-840F-48E6-AEA1-897096C777F2}.Release|Mixed Platforms.Build.0 = Release|x86
		{A0B06382-840F-48E6-AEA1-897096C777F2}.Release|x86.ActiveCfg = Release|x86
		{A0B06382-840F-48E6-AEA1-897096C777F2}.Release|x86.Build.0 = Release|x86
		{B14A562B-92B2-4368-BE53-860A0EAFBB69}.Debug|Any CPU.ActiveCfg = Debug|x86
		{B14A562B-92B2-4368-BE53-860A0EAFBB69}.Debug|Mixed Platforms.ActiveCfg = Debug|x86
		{B14A562B-92B2-4368-BE53-860A0EAFBB69}.Debug|x86.ActiveCfg = Debug|x86
		{B14A562B-92B2-4368-BE53-860A0EAFBB69}.Debug|x86.Build.0 = Debug|x86
		{B14A562B-92B2-4368-BE53-860A0EAFBB69}.Release|Any CPU.ActiveCfg = Release|Any CPU
		{B14A562B-92B2-4368-BE53-860A0EAFBB69}.Release|Any CPU.Build.0 = Release|Any CPU
		{B14A562B-92B2-4368-BE53-860A0EAFBB69}.Release|Mixed Platforms.ActiveCfg = Release|x86
		{B14A562B-92B2-4368-BE53-860A0EAFBB69}.Release|Mixed Platforms.Build.0 = Release|x86
		{B14A562B-92B2-4368-BE53-860A0EAFBB69}.Release|x86.ActiveCfg = Release|x86
		{B14A562B-92B2-4368-BE53-860A0EAFBB69}.Release|x86.Build.0 = Release|x86
		{D4C98875-6D45-44B2-8D9C-7B37CB1E71D9}.Debug|Any CPU.ActiveCfg = Debug|x86
		{D4C98875-6D45-44B2-8D9C-7B37CB1E71D9}.Debug|Mixed Platforms.ActiveCfg = Debug|x86
		{D4C98875-6D45-44B2-8D9C-7B37CB1E71D9}.Debug|x86.ActiveCfg = Debug|x86
		{D4C98875-6D45-44B2-8D9C-7B37CB1E71D9}.Debug|x86.Build.0 = Debug|x86
		{D4C98875-6D45-44B2-8D9C-7B37CB1E71D9}.Release|Any CPU.ActiveCfg = Release|Any CPU
		{D4C98875-6D45-44B2-8D9C-7B37CB1E71D9}.Release|Any CPU.Build.0 = Release|Any CPU
		{D4C98875-6D45-44B2-8D9C-7B37CB1E71D9}.Release|Mixed Platforms.ActiveCfg = Release|x86
		{D4C98875-6D45-44B2-8D9C-7B37CB1E71D9}.Release|Mixed Platforms.Build.0 = Release|x86
		{D4C98875-6D45-44B2-8D9C-7B37CB1E71D9}.Release|x86.ActiveCfg = Release|x86
		{D4C98875-6D45-44B2-8D9C-7B37CB1E71D9}.Release|x86.Build.0 = Release|x86
		{540A6FFB-BD97-4C9B-8B47-4859FC71850B}.Debug|Any CPU.ActiveCfg = Debug|Any CPU
		{540A6FFB-BD97-4C9B-8B47-4859FC71850B}.Debug|Any CPU.Build.0 = Debug|Any CPU
		{540A6FFB-BD97-4C9B-8B47-4859FC71850B}.Debug|Mixed Platforms.ActiveCfg = Debug|Any CPU
		{540A6FFB-BD97-4C9B-8B47-4859FC71850B}.Debug|x86.ActiveCfg = Debug|Any CPU
		{540A6FFB-BD97-4C9B-8B47-4859FC71850B}.Release|Any CPU.ActiveCfg = Release|Any CPU
		{540A6FFB-BD97-4C9B-8B47-4859FC71850B}.Release|Any CPU.Build.0 = Release|Any CPU
		{540A6FFB-BD97-4C9B-8B47-4859FC71850B}.Release|Mixed Platforms.ActiveCfg = Release|Any CPU
		{540A6FFB-BD97-4C9B-8B47-4859FC71850B}.Release|Mixed Platforms.Build.0 = Release|Any CPU
		{540A6FFB-BD97-4C9B-8B47-4859FC71850B}.Release|x86.ActiveCfg = Release|Any CPU
		{79CE48BE-4787-4ECC-8789-03C5CA600DE4}.Debug|Any CPU.ActiveCfg = Debug|x86
		{79CE48BE-4787-4ECC-8789-03C5CA600DE4}.Debug|Mixed Platforms.ActiveCfg = Debug|x86
		{79CE48BE-4787-4ECC-8789-03C5CA600DE4}.Debug|x86.ActiveCfg = Debug|x86
		{79CE48BE-4787-4ECC-8789-03C5CA600DE4}.Debug|x86.Build.0 = Debug|x86
		{79CE48BE-4787-4ECC-8789-03C5CA600DE4}.Release|Any CPU.ActiveCfg = Release|x86
		{79CE48BE-4787-4ECC-8789-03C5CA600DE4}.Release|Mixed Platforms.ActiveCfg = Release|x86
		{79CE48BE-4787-4ECC-8789-03C5CA600DE4}.Release|Mixed Platforms.Build.0 = Release|x86
		{79CE48BE-4787-4ECC-8789-03C5CA600DE4}.Release|x86.ActiveCfg = Release|x86
		{79CE48BE-4787-4ECC-8789-03C5CA600DE4}.Release|x86.Build.0 = Release|x86
		{F993B112-FFB1-4E12-B36F-1180B38885C4}.Debug|Any CPU.ActiveCfg = Debug
		{F993B112-FFB1-4E12-B36F-1180B38885C4}.Debug|Mixed Platforms.ActiveCfg = Debug
		{F993B112-FFB1-4E12-B36F-1180B38885C4}.Debug|x86.ActiveCfg = Debug
		{F993B112-FFB1-4E12-B36F-1180B38885C4}.Release|Any CPU.ActiveCfg = Release
		{F993B112-FFB1-4E12-B36F-1180B38885C4}.Release|Mixed Platforms.ActiveCfg = Release
		{F993B112-FFB1-4E12-B36F-1180B38885C4}.Release|x86.ActiveCfg = Release
		{17E09742-830E-430A-B605-DE5CA3C132EF}.Debug|Any CPU.ActiveCfg = Debug|Any CPU
		{17E09742-830E-430A-B605-DE5CA3C132EF}.Debug|Mixed Platforms.ActiveCfg = Debug|Any CPU
		{17E09742-830E-430A-B605-DE5CA3C132EF}.Debug|x86.ActiveCfg = Debug|Any CPU
		{17E09742-830E-430A-B605-DE5CA3C132EF}.Release|Any CPU.ActiveCfg = Release|Any CPU
		{17E09742-830E-430A-B605-DE5CA3C132EF}.Release|Any CPU.Build.0 = Release|Any CPU
		{17E09742-830E-430A-B605-DE5CA3C132EF}.Release|Mixed Platforms.ActiveCfg = Release|Any CPU
		{17E09742-830E-430A-B605-DE5CA3C132EF}.Release|Mixed Platforms.Build.0 = Release|Any CPU
		{17E09742-830E-430A-B605-DE5CA3C132EF}.Release|x86.ActiveCfg = Release|Any CPU
		{AD9A45A1-990E-42D9-BC4F-50F6DDFDD6C9}.Debug|Any CPU.ActiveCfg = Debug|x86
		{AD9A45A1-990E-42D9-BC4F-50F6DDFDD6C9}.Debug|Any CPU.Build.0 = Debug|x86
		{AD9A45A1-990E-42D9-BC4F-50F6DDFDD6C9}.Debug|Mixed Platforms.ActiveCfg = Release|x64
		{AD9A45A1-990E-42D9-BC4F-50F6DDFDD6C9}.Debug|Mixed Platforms.Build.0 = Release|x64
		{AD9A45A1-990E-42D9-BC4F-50F6DDFDD6C9}.Debug|x86.ActiveCfg = Debug|x86
		{AD9A45A1-990E-42D9-BC4F-50F6DDFDD6C9}.Debug|x86.Build.0 = Debug|x86
		{AD9A45A1-990E-42D9-BC4F-50F6DDFDD6C9}.Release|Any CPU.ActiveCfg = Release|x86
		{AD9A45A1-990E-42D9-BC4F-50F6DDFDD6C9}.Release|Mixed Platforms.ActiveCfg = Release|x86
		{AD9A45A1-990E-42D9-BC4F-50F6DDFDD6C9}.Release|Mixed Platforms.Build.0 = Release|x86
		{AD9A45A1-990E-42D9-BC4F-50F6DDFDD6C9}.Release|x86.ActiveCfg = Release|x86
		{AD9A45A1-990E-42D9-BC4F-50F6DDFDD6C9}.Release|x86.Build.0 = Release|x86
		{281EA26D-36AD-4E69-8529-8EE9B0236CF7}.Debug|Any CPU.ActiveCfg = Debug|x86
		{281EA26D-36AD-4E69-8529-8EE9B0236CF7}.Debug|Mixed Platforms.ActiveCfg = Release|x64
		{281EA26D-36AD-4E69-8529-8EE9B0236CF7}.Debug|Mixed Platforms.Build.0 = Release|x64
		{281EA26D-36AD-4E69-8529-8EE9B0236CF7}.Debug|x86.ActiveCfg = Debug|x86
		{281EA26D-36AD-4E69-8529-8EE9B0236CF7}.Debug|x86.Build.0 = Debug|x86
		{281EA26D-36AD-4E69-8529-8EE9B0236CF7}.Release|Any CPU.ActiveCfg = Release|x86
		{281EA26D-36AD-4E69-8529-8EE9B0236CF7}.Release|Mixed Platforms.ActiveCfg = Release|x86
		{281EA26D-36AD-4E69-8529-8EE9B0236CF7}.Release|Mixed Platforms.Build.0 = Release|x86
		{281EA26D-36AD-4E69-8529-8EE9B0236CF7}.Release|x86.ActiveCfg = Release|x86
		{281EA26D-36AD-4E69-8529-8EE9B0236CF7}.Release|x86.Build.0 = Release|x86
	EndGlobalSection
	GlobalSection(SolutionProperties) = preSolution
		HideSolutionNode = FALSE
	EndGlobalSection
EndGlobal
